
Microsoft Visual Studio Solution File, Format Version 12.00
# Visual Studio Version 16
VisualStudioVersion = 16.0.29009.5
MinimumVisualStudioVersion = 10.0.40219.1
Project("{9A19103F-16F7-4668-BE54-9A1E7A4F7556}") = "FormulaValidator", "FormulaValidator\FormulaValidator.csproj", "{9825B1E6-3DBE-4C92-BF78-43ABED40853E}"
EndProject
Project("{9A19103F-16F7-4668-BE54-9A1E7A4F7556}") = "Elements", "Elements\Elements.csproj", "{7500AD0E-879B-4D01-8AC3-6CA8577EEDCD}"
EndProject
Global
	GlobalSection(SolutionConfigurationPlatforms) = preSolution
		Debug|Any CPU = Debug|Any CPU
		Release|Any CPU = Release|Any CPU
	EndGlobalSection
	GlobalSection(ProjectConfigurationPlatforms) = postSolution
		{9825B1E6-3DBE-4C92-BF78-43ABED40853E}.Debug|Any CPU.ActiveCfg = Debug|Any CPU
		{9825B1E6-3DBE-4C92-BF78-43ABED40853E}.Debug|Any CPU.Build.0 = Debug|Any CPU
		{9825B1E6-3DBE-4C92-BF78-43ABED40853E}.Release|Any CPU.ActiveCfg = Release|Any CPU
		{9825B1E6-3DBE-4C92-BF78-43ABED40853E}.Release|Any CPU.Build.0 = Release|Any CPU
		{7500AD0E-879B-4D01-8AC3-6CA8577EEDCD}.Debug|Any CPU.ActiveCfg = Debug|Any CPU
		{7500AD0E-879B-4D01-8AC3-6CA8577EEDCD}.Debug|Any CPU.Build.0 = Debug|Any CPU
		{7500AD0E-879B-4D01-8AC3-6CA8577EEDCD}.Release|Any CPU.ActiveCfg = Release|Any CPU
		{7500AD0E-879B-4D01-8AC3-6CA8577EEDCD}.Release|Any CPU.Build.0 = Release|Any CPU
	EndGlobalSection
	GlobalSection(SolutionProperties) = preSolution
		HideSolutionNode = FALSE
	EndGlobalSection
	GlobalSection(ExtensibilityGlobals) = postSolution
		SolutionGuid = {D192BEEC-EAE2-4461-962C-C535058F8D3B}
	EndGlobalSection
EndGlobal
